
Microsoft Visual Studio Solution File, Format Version 12.00
# Visual Studio Version 18
VisualStudioVersion = 18.1.11312.151
MinimumVisualStudioVersion = 10.0.40219.1
Project("{FAE04EC0-301F-11D3-BF4B-00C04F79EFBC}") = "ECHDEATHRETURN144", "ECHDEATHRETURN144.csproj", "{64283C40-AF9F-7C38-5ABF-CE4C02917E8A}"
EndProject
Global
	GlobalSection(SolutionConfigurationPlatforms) = preSolution
		Debug|Any CPU = Debug|Any CPU
		Release|Any CPU = Release|Any CPU
	EndGlobalSection
	GlobalSection(ProjectConfigurationPlatforms) = postSolution
		{64283C40-AF9F-7C38-5ABF-CE4C02917E8A}.Debug|Any CPU.ActiveCfg = Debug|Any CPU
		{64283C40-AF9F-7C38-5ABF-CE4C02917E8A}.Debug|Any CPU.Build.0 = Debug|Any CPU
		{64283C40-AF9F-7C38-5ABF-CE4C02917E8A}.Release|Any CPU.ActiveCfg = Release|Any CPU
		{64283C40-AF9F-7C38-5ABF-CE4C02917E8A}.Release|Any CPU.Build.0 = Release|Any CPU
	EndGlobalSection
	GlobalSection(SolutionProperties) = preSolution
		HideSolutionNode = FALSE
	EndGlobalSection
	GlobalSection(ExtensibilityGlobals) = postSolution
		SolutionGuid = {B4569201-10ED-456F-BCD9-3832BDC8AFFE}
	EndGlobalSection
EndGlobal
